// !$*UTF8*$!
{
	archiveVersion = 1;
	classes = {
	};
	objectVersion = 54;
	objects = {

/* Begin PBXBuildFile section */
		241EF60527DA99C100CE8DFF /* AcmeSDK.swift in Sources */ = {isa = PBXBuildFile; fileRef = 241EF60427DA99C100CE8DFF /* AcmeSDK.swift */; };
		241EF60627DA99C100CE8DFF /* AcmeSDK.swift in Sources */ = {isa = PBXBuildFile; fileRef = 241EF60427DA99C100CE8DFF /* AcmeSDK.swift */; };
		241EF60827DA9B1900CE8DFF /* AcmeSession.swift in Sources */ = {isa = PBXBuildFile; fileRef = 241EF60727DA9B1900CE8DFF /* AcmeSession.swift */; };
		241EF60927DA9B1900CE8DFF /* AcmeSession.swift in Sources */ = {isa = PBXBuildFile; fileRef = 241EF60727DA9B1900CE8DFF /* AcmeSession.swift */; };
		241EF60C27DB9F1700CE8DFF /* GCDWebServers in Frameworks */ = {isa = PBXBuildFile; productRef = 241EF60B27DB9F1700CE8DFF /* GCDWebServers */; };
		241EF60F27DBA05F00CE8DFF /* AcmeServer.swift in Sources */ = {isa = PBXBuildFile; fileRef = 241EF60E27DBA05F00CE8DFF /* AcmeServer.swift */; };
		241EF61027DBA05F00CE8DFF /* AcmeServer.swift in Sources */ = {isa = PBXBuildFile; fileRef = 241EF60E27DBA05F00CE8DFF /* AcmeServer.swift */; };
		241EF61727DBA35B00CE8DFF /* GCDWebServers in Frameworks */ = {isa = PBXBuildFile; productRef = 241EF61627DBA35B00CE8DFF /* GCDWebServers */; };
		241EF61C27DBA4C500CE8DFF /* CoreServices.framework in Frameworks */ = {isa = PBXBuildFile; fileRef = 241EF61B27DBA4C500CE8DFF /* CoreServices.framework */; };
		241EF61D27DBA4CF00CE8DFF /* CoreServices.framework in Frameworks */ = {isa = PBXBuildFile; fileRef = 241EF61B27DBA4C500CE8DFF /* CoreServices.framework */; };
		241EF61F27DBC2A700CE8DFF /* AcmeRequest.swift in Sources */ = {isa = PBXBuildFile; fileRef = 241EF61E27DBC2A700CE8DFF /* AcmeRequest.swift */; };
		241EF62027DBC2A700CE8DFF /* AcmeRequest.swift in Sources */ = {isa = PBXBuildFile; fileRef = 241EF61E27DBC2A700CE8DFF /* AcmeRequest.swift */; };
		241EF62F27DBD58C00CE8DFF /* AcmeResponse.swift in Sources */ = {isa = PBXBuildFile; fileRef = 241EF62E27DBD58C00CE8DFF /* AcmeResponse.swift */; };
		241EF63027DBD58C00CE8DFF /* AcmeResponse.swift in Sources */ = {isa = PBXBuildFile; fileRef = 241EF62E27DBD58C00CE8DFF /* AcmeResponse.swift */; };
		245DB36F26FA545B003A5B73 /* ViewController.swift in Sources */ = {isa = PBXBuildFile; fileRef = 24E0513126CED02800D243E0 /* ViewController.swift */; };
		245DB37026FA545B003A5B73 /* AppDelegate.swift in Sources */ = {isa = PBXBuildFile; fileRef = 24E0512D26CED02800D243E0 /* AppDelegate.swift */; };
		245DB37126FA545B003A5B73 /* SceneDelegate.swift in Sources */ = {isa = PBXBuildFile; fileRef = 24E0512F26CED02800D243E0 /* SceneDelegate.swift */; };
		245DB37526FA545B003A5B73 /* LaunchScreen.storyboard in Resources */ = {isa = PBXBuildFile; fileRef = 24E0513826CED02A00D243E0 /* LaunchScreen.storyboard */; };
		245DB37626FA545B003A5B73 /* Assets.xcassets in Resources */ = {isa = PBXBuildFile; fileRef = 24E0513626CED02A00D243E0 /* Assets.xcassets */; };
		245DB37726FA545B003A5B73 /* Main.storyboard in Resources */ = {isa = PBXBuildFile; fileRef = 24E0513326CED02800D243E0 /* Main.storyboard */; };
		245DB38026FA547A003A5B73 /* libMoonsenseCoreSDK.a in Frameworks */ = {isa = PBXBuildFile; fileRef = 245DB37F26FA547A003A5B73 /* libMoonsenseCoreSDK.a */; };
		24D9CA9626CEE8E50000B1E4 /* MoonsenseCoreSDK.framework in Frameworks */ = {isa = PBXBuildFile; fileRef = 24D9CA9526CEE8E50000B1E4 /* MoonsenseCoreSDK.framework */; };
		24D9CA9726CEE8E50000B1E4 /* MoonsenseCoreSDK.framework in Embed Frameworks */ = {isa = PBXBuildFile; fileRef = 24D9CA9526CEE8E50000B1E4 /* MoonsenseCoreSDK.framework */; settings = {ATTRIBUTES = (CodeSignOnCopy, RemoveHeadersOnCopy, ); }; };
		24E0512E26CED02800D243E0 /* AppDelegate.swift in Sources */ = {isa = PBXBuildFile; fileRef = 24E0512D26CED02800D243E0 /* AppDelegate.swift */; };
		24E0513026CED02800D243E0 /* SceneDelegate.swift in Sources */ = {isa = PBXBuildFile; fileRef = 24E0512F26CED02800D243E0 /* SceneDelegate.swift */; };
		24E0513226CED02800D243E0 /* ViewController.swift in Sources */ = {isa = PBXBuildFile; fileRef = 24E0513126CED02800D243E0 /* ViewController.swift */; };
		24E0513526CED02800D243E0 /* Main.storyboard in Resources */ = {isa = PBXBuildFile; fileRef = 24E0513326CED02800D243E0 /* Main.storyboard */; };
		24E0513726CED02A00D243E0 /* Assets.xcassets in Resources */ = {isa = PBXBuildFile; fileRef = 24E0513626CED02A00D243E0 /* Assets.xcassets */; };
		24E0513A26CED02A00D243E0 /* LaunchScreen.storyboard in Resources */ = {isa = PBXBuildFile; fileRef = 24E0513826CED02A00D243E0 /* LaunchScreen.storyboard */; };
/* End PBXBuildFile section */

/* Begin PBXCopyFilesBuildPhase section */
		24D9CA9826CEE8E50000B1E4 /* Embed Frameworks */ = {
			isa = PBXCopyFilesBuildPhase;
			buildActionMask = 2147483647;
			dstPath = "";
			dstSubfolderSpec = 10;
			files = (
				24D9CA9726CEE8E50000B1E4 /* MoonsenseCoreSDK.framework in Embed Frameworks */,
			);
			name = "Embed Frameworks";
			runOnlyForDeploymentPostprocessing = 0;
		};
/* End PBXCopyFilesBuildPhase section */

/* Begin PBXFileReference section */
		241EF60427DA99C100CE8DFF /* AcmeSDK.swift */ = {isa = PBXFileReference; lastKnownFileType = sourcecode.swift; path = AcmeSDK.swift; sourceTree = "<group>"; };
		241EF60727DA9B1900CE8DFF /* AcmeSession.swift */ = {isa = PBXFileReference; lastKnownFileType = sourcecode.swift; path = AcmeSession.swift; sourceTree = "<group>"; };
		241EF60E27DBA05F00CE8DFF /* AcmeServer.swift */ = {isa = PBXFileReference; lastKnownFileType = sourcecode.swift; path = AcmeServer.swift; sourceTree = "<group>"; };
		241EF61127DBA0FD00CE8DFF /* WebServer-Bridging-Header.h */ = {isa = PBXFileReference; lastKnownFileType = sourcecode.c.h; path = "WebServer-Bridging-Header.h"; sourceTree = "<group>"; };
		241EF61B27DBA4C500CE8DFF /* CoreServices.framework */ = {isa = PBXFileReference; lastKnownFileType = wrapper.framework; name = CoreServices.framework; path = System/Library/Frameworks/CoreServices.framework; sourceTree = SDKROOT; };
		241EF61E27DBC2A700CE8DFF /* AcmeRequest.swift */ = {isa = PBXFileReference; lastKnownFileType = sourcecode.swift; path = AcmeRequest.swift; sourceTree = "<group>"; };
		241EF62E27DBD58C00CE8DFF /* AcmeResponse.swift */ = {isa = PBXFileReference; lastKnownFileType = sourcecode.swift; path = AcmeResponse.swift; sourceTree = "<group>"; };
		245DB37D26FA545B003A5B73 /* SampleCoreApp-Static.app */ = {isa = PBXFileReference; explicitFileType = wrapper.application; includeInIndex = 0; path = "SampleCoreApp-Static.app"; sourceTree = BUILT_PRODUCTS_DIR; };
		245DB37F26FA547A003A5B73 /* libMoonsenseCoreSDK.a */ = {isa = PBXFileReference; explicitFileType = archive.ar; path = libMoonsenseCoreSDK.a; sourceTree = BUILT_PRODUCTS_DIR; };
		24633CFF27AAF2CF0048A3B9 /* README.md */ = {isa = PBXFileReference; lastKnownFileType = net.daringfireball.markdown; path = README.md; sourceTree = "<group>"; };
		24D9CA9526CEE8E50000B1E4 /* MoonsenseCoreSDK.framework */ = {isa = PBXFileReference; explicitFileType = wrapper.framework; path = MoonsenseCoreSDK.framework; sourceTree = BUILT_PRODUCTS_DIR; };
		24E0512A26CED02800D243E0 /* SampleCoreApp.app */ = {isa = PBXFileReference; explicitFileType = wrapper.application; includeInIndex = 0; path = SampleCoreApp.app; sourceTree = BUILT_PRODUCTS_DIR; };
		24E0512D26CED02800D243E0 /* AppDelegate.swift */ = {isa = PBXFileReference; lastKnownFileType = sourcecode.swift; path = AppDelegate.swift; sourceTree = "<group>"; };
		24E0512F26CED02800D243E0 /* SceneDelegate.swift */ = {isa = PBXFileReference; lastKnownFileType = sourcecode.swift; path = SceneDelegate.swift; sourceTree = "<group>"; };
		24E0513126CED02800D243E0 /* ViewController.swift */ = {isa = PBXFileReference; lastKnownFileType = sourcecode.swift; path = ViewController.swift; sourceTree = "<group>"; };
		24E0513426CED02800D243E0 /* Base */ = {isa = PBXFileReference; lastKnownFileType = file.storyboard; name = Base; path = Base.lproj/Main.storyboard; sourceTree = "<group>"; };
		24E0513626CED02A00D243E0 /* Assets.xcassets */ = {isa = PBXFileReference; lastKnownFileType = folder.assetcatalog; path = Assets.xcassets; sourceTree = "<group>"; };
		24E0513926CED02A00D243E0 /* Base */ = {isa = PBXFileReference; lastKnownFileType = file.storyboard; name = Base; path = Base.lproj/LaunchScreen.storyboard; sourceTree = "<group>"; };
		24E0513B26CED02A00D243E0 /* Info.plist */ = {isa = PBXFileReference; lastKnownFileType = text.plist.xml; path = Info.plist; sourceTree = "<group>"; };
/* End PBXFileReference section */

/* Begin PBXFrameworksBuildPhase section */
		245DB37226FA545B003A5B73 /* Frameworks */ = {
			isa = PBXFrameworksBuildPhase;
			buildActionMask = 2147483647;
			files = (
				241EF61D27DBA4CF00CE8DFF /* CoreServices.framework in Frameworks */,
				245DB38026FA547A003A5B73 /* libMoonsenseCoreSDK.a in Frameworks */,
				241EF61727DBA35B00CE8DFF /* GCDWebServers in Frameworks */,
			);
			runOnlyForDeploymentPostprocessing = 0;
		};
		24E0512726CED02800D243E0 /* Frameworks */ = {
			isa = PBXFrameworksBuildPhase;
			buildActionMask = 2147483647;
			files = (
				241EF61C27DBA4C500CE8DFF /* CoreServices.framework in Frameworks */,
				24D9CA9626CEE8E50000B1E4 /* MoonsenseCoreSDK.framework in Frameworks */,
				241EF60C27DB9F1700CE8DFF /* GCDWebServers in Frameworks */,
			);
			runOnlyForDeploymentPostprocessing = 0;
		};
/* End PBXFrameworksBuildPhase section */

/* Begin PBXGroup section */
		241EF60327DA997900CE8DFF /* Client */ = {
			isa = PBXGroup;
			children = (
				241EF60427DA99C100CE8DFF /* AcmeSDK.swift */,
				241EF60727DA9B1900CE8DFF /* AcmeSession.swift */,
			);
			path = Client;
			sourceTree = "<group>";
		};
		241EF60D27DB9F2300CE8DFF /* Server */ = {
			isa = PBXGroup;
			children = (
				241EF60E27DBA05F00CE8DFF /* AcmeServer.swift */,
				241EF61127DBA0FD00CE8DFF /* WebServer-Bridging-Header.h */,
			);
			path = Server;
			sourceTree = "<group>";
		};
		241EF62127DBCFCB00CE8DFF /* Acme */ = {
			isa = PBXGroup;
			children = (
				241EF60327DA997900CE8DFF /* Client */,
				241EF60D27DB9F2300CE8DFF /* Server */,
				241EF62227DBCFD000CE8DFF /* Shared */,
			);
			path = Acme;
			sourceTree = "<group>";
		};
		241EF62227DBCFD000CE8DFF /* Shared */ = {
			isa = PBXGroup;
			children = (
				241EF61E27DBC2A700CE8DFF /* AcmeRequest.swift */,
				241EF62E27DBD58C00CE8DFF /* AcmeResponse.swift */,
			);
			path = Shared;
			sourceTree = "<group>";
		};
		24D9CA9426CEE8E50000B1E4 /* Frameworks */ = {
			isa = PBXGroup;
			children = (
				241EF61B27DBA4C500CE8DFF /* CoreServices.framework */,
				245DB37F26FA547A003A5B73 /* libMoonsenseCoreSDK.a */,
				24D9CA9526CEE8E50000B1E4 /* MoonsenseCoreSDK.framework */,
			);
			name = Frameworks;
			sourceTree = "<group>";
		};
		24E0512126CED02800D243E0 = {
			isa = PBXGroup;
			children = (
				24633CFF27AAF2CF0048A3B9 /* README.md */,
				24E0512C26CED02800D243E0 /* SampleCoreApp */,
				24E0512B26CED02800D243E0 /* Products */,
				24D9CA9426CEE8E50000B1E4 /* Frameworks */,
			);
			sourceTree = "<group>";
		};
		24E0512B26CED02800D243E0 /* Products */ = {
			isa = PBXGroup;
			children = (
				24E0512A26CED02800D243E0 /* SampleCoreApp.app */,
				245DB37D26FA545B003A5B73 /* SampleCoreApp-Static.app */,
			);
			name = Products;
			sourceTree = "<group>";
		};
		24E0512C26CED02800D243E0 /* SampleCoreApp */ = {
			isa = PBXGroup;
			children = (
				241EF62127DBCFCB00CE8DFF /* Acme */,
				24E0512D26CED02800D243E0 /* AppDelegate.swift */,
				24E0512F26CED02800D243E0 /* SceneDelegate.swift */,
				24E0513126CED02800D243E0 /* ViewController.swift */,
				24E0513326CED02800D243E0 /* Main.storyboard */,
				24E0513626CED02A00D243E0 /* Assets.xcassets */,
				24E0513826CED02A00D243E0 /* LaunchScreen.storyboard */,
				24E0513B26CED02A00D243E0 /* Info.plist */,
			);
			path = SampleCoreApp;
			sourceTree = "<group>";
		};
/* End PBXGroup section */

/* Begin PBXNativeTarget section */
		245DB36D26FA545B003A5B73 /* SampleCoreApp-Static */ = {
			isa = PBXNativeTarget;
			buildConfigurationList = 245DB37A26FA545B003A5B73 /* Build configuration list for PBXNativeTarget "SampleCoreApp-Static" */;
			buildPhases = (
				245DB36E26FA545B003A5B73 /* Sources */,
				245DB37226FA545B003A5B73 /* Frameworks */,
				245DB37426FA545B003A5B73 /* Resources */,
			);
			buildRules = (
			);
			dependencies = (
			);
			name = "SampleCoreApp-Static";
			packageProductDependencies = (
				241EF61627DBA35B00CE8DFF /* GCDWebServers */,
			);
			productName = SampleCoreApp;
			productReference = 245DB37D26FA545B003A5B73 /* SampleCoreApp-Static.app */;
			productType = "com.apple.product-type.application";
		};
		24E0512926CED02800D243E0 /* SampleCoreApp */ = {
			isa = PBXNativeTarget;
			buildConfigurationList = 24E0513E26CED02A00D243E0 /* Build configuration list for PBXNativeTarget "SampleCoreApp" */;
			buildPhases = (
				24E0512626CED02800D243E0 /* Sources */,
				24E0512726CED02800D243E0 /* Frameworks */,
				24E0512826CED02800D243E0 /* Resources */,
				24D9CA9826CEE8E50000B1E4 /* Embed Frameworks */,
			);
			buildRules = (
			);
			dependencies = (
			);
			name = SampleCoreApp;
			packageProductDependencies = (
				241EF60B27DB9F1700CE8DFF /* GCDWebServers */,
			);
			productName = SampleCoreApp;
			productReference = 24E0512A26CED02800D243E0 /* SampleCoreApp.app */;
			productType = "com.apple.product-type.application";
		};
/* End PBXNativeTarget section */

/* Begin PBXProject section */
		24E0512226CED02800D243E0 /* Project object */ = {
			isa = PBXProject;
			attributes = {
				BuildIndependentTargetsInParallel = 1;
				LastSwiftUpdateCheck = 1300;
				LastUpgradeCheck = 1320;
				ORGANIZATIONNAME = "Moonsense, Inc.";
				TargetAttributes = {
					24E0512926CED02800D243E0 = {
						CreatedOnToolsVersion = 13.0;
					};
				};
			};
			buildConfigurationList = 24E0512526CED02800D243E0 /* Build configuration list for PBXProject "SampleCoreApp" */;
			compatibilityVersion = "Xcode 12.0";
			developmentRegion = en;
			hasScannedForEncodings = 0;
			knownRegions = (
				en,
				Base,
			);
			mainGroup = 24E0512126CED02800D243E0;
			packageReferences = (
				241EF60A27DB9F1700CE8DFF /* XCRemoteSwiftPackageReference "GCDWebServer" */,
			);
			productRefGroup = 24E0512B26CED02800D243E0 /* Products */;
			projectDirPath = "";
			projectRoot = "";
			targets = (
				24E0512926CED02800D243E0 /* SampleCoreApp */,
				245DB36D26FA545B003A5B73 /* SampleCoreApp-Static */,
			);
		};
/* End PBXProject section */

/* Begin PBXResourcesBuildPhase section */
		245DB37426FA545B003A5B73 /* Resources */ = {
			isa = PBXResourcesBuildPhase;
			buildActionMask = 2147483647;
			files = (
				245DB37526FA545B003A5B73 /* LaunchScreen.storyboard in Resources */,
				245DB37626FA545B003A5B73 /* Assets.xcassets in Resources */,
				245DB37726FA545B003A5B73 /* Main.storyboard in Resources */,
			);
			runOnlyForDeploymentPostprocessing = 0;
		};
		24E0512826CED02800D243E0 /* Resources */ = {
			isa = PBXResourcesBuildPhase;
			buildActionMask = 2147483647;
			files = (
				24E0513A26CED02A00D243E0 /* LaunchScreen.storyboard in Resources */,
				24E0513726CED02A00D243E0 /* Assets.xcassets in Resources */,
				24E0513526CED02800D243E0 /* Main.storyboard in Resources */,
			);
			runOnlyForDeploymentPostprocessing = 0;
		};
/* End PBXResourcesBuildPhase section */

/* Begin PBXSourcesBuildPhase section */
		245DB36E26FA545B003A5B73 /* Sources */ = {
			isa = PBXSourcesBuildPhase;
			buildActionMask = 2147483647;
			files = (
				241EF60627DA99C100CE8DFF /* AcmeSDK.swift in Sources */,
				241EF60927DA9B1900CE8DFF /* AcmeSession.swift in Sources */,
				241EF63027DBD58C00CE8DFF /* AcmeResponse.swift in Sources */,
				241EF62027DBC2A700CE8DFF /* AcmeRequest.swift in Sources */,
				241EF61027DBA05F00CE8DFF /* AcmeServer.swift in Sources */,
				245DB36F26FA545B003A5B73 /* ViewController.swift in Sources */,
				245DB37026FA545B003A5B73 /* AppDelegate.swift in Sources */,
				245DB37126FA545B003A5B73 /* SceneDelegate.swift in Sources */,
			);
			runOnlyForDeploymentPostprocessing = 0;
		};
		24E0512626CED02800D243E0 /* Sources */ = {
			isa = PBXSourcesBuildPhase;
			buildActionMask = 2147483647;
			files = (
				241EF60527DA99C100CE8DFF /* AcmeSDK.swift in Sources */,
				241EF60827DA9B1900CE8DFF /* AcmeSession.swift in Sources */,
				241EF62F27DBD58C00CE8DFF /* AcmeResponse.swift in Sources */,
				241EF61F27DBC2A700CE8DFF /* AcmeRequest.swift in Sources */,
				241EF60F27DBA05F00CE8DFF /* AcmeServer.swift in Sources */,
				24E0513226CED02800D243E0 /* ViewController.swift in Sources */,
				24E0512E26CED02800D243E0 /* AppDelegate.swift in Sources */,
				24E0513026CED02800D243E0 /* SceneDelegate.swift in Sources */,
			);
			runOnlyForDeploymentPostprocessing = 0;
		};
/* End PBXSourcesBuildPhase section */

/* Begin PBXVariantGroup section */
		24E0513326CED02800D243E0 /* Main.storyboard */ = {
			isa = PBXVariantGroup;
			children = (
				24E0513426CED02800D243E0 /* Base */,
			);
			name = Main.storyboard;
			sourceTree = "<group>";
		};
		24E0513826CED02A00D243E0 /* LaunchScreen.storyboard */ = {
			isa = PBXVariantGroup;
			children = (
				24E0513926CED02A00D243E0 /* Base */,
			);
			name = LaunchScreen.storyboard;
			sourceTree = "<group>";
		};
/* End PBXVariantGroup section */

/* Begin XCBuildConfiguration section */
		245DB37B26FA545B003A5B73 /* Debug */ = {
			isa = XCBuildConfiguration;
			buildSettings = {
				ASSETCATALOG_COMPILER_APPICON_NAME = AppIcon;
				ASSETCATALOG_COMPILER_GLOBAL_ACCENT_COLOR_NAME = AccentColor;
				CODE_SIGN_STYLE = Automatic;
				CURRENT_PROJECT_VERSION = 1;
				DEVELOPMENT_TEAM = APX2AGX45B;
				GENERATE_INFOPLIST_FILE = YES;
				INFOPLIST_FILE = SampleCoreApp/Info.plist;
				INFOPLIST_KEY_UIApplicationSupportsIndirectInputEvents = YES;
				INFOPLIST_KEY_UILaunchStoryboardName = LaunchScreen;
				INFOPLIST_KEY_UIMainStoryboardFile = Main;
				INFOPLIST_KEY_UISupportedInterfaceOrientations_iPad = "UIInterfaceOrientationPortrait UIInterfaceOrientationPortraitUpsideDown UIInterfaceOrientationLandscapeLeft UIInterfaceOrientationLandscapeRight";
				INFOPLIST_KEY_UISupportedInterfaceOrientations_iPhone = "UIInterfaceOrientationPortrait UIInterfaceOrientationLandscapeLeft UIInterfaceOrientationLandscapeRight";
				LD_RUNPATH_SEARCH_PATHS = (
					"$(inherited)",
					"@executable_path/Frameworks",
				);
				MARKETING_VERSION = 1.0;
				PRODUCT_BUNDLE_IDENTIFIER = "io.moonsense.MoonsenseSDK.SampleCoreApp-Static";
				PRODUCT_NAME = "$(TARGET_NAME)";
				SWIFT_EMIT_LOC_STRINGS = YES;
				SWIFT_VERSION = 5.0;
				TARGETED_DEVICE_FAMILY = "1,2";
			};
			name = Debug;
		};
		245DB37C26FA545B003A5B73 /* Release */ = {
			isa = XCBuildConfiguration;
			buildSettings = {
				ASSETCATALOG_COMPILER_APPICON_NAME = AppIcon;
				ASSETCATALOG_COMPILER_GLOBAL_ACCENT_COLOR_NAME = AccentColor;
				CODE_SIGN_STYLE = Automatic;
				CURRENT_PROJECT_VERSION = 1;
				DEVELOPMENT_TEAM = APX2AGX45B;
				GENERATE_INFOPLIST_FILE = YES;
				INFOPLIST_FILE = SampleCoreApp/Info.plist;
				INFOPLIST_KEY_UIApplicationSupportsIndirectInputEvents = YES;
				INFOPLIST_KEY_UILaunchStoryboardName = LaunchScreen;
				INFOPLIST_KEY_UIMainStoryboardFile = Main;
				INFOPLIST_KEY_UISupportedInterfaceOrientations_iPad = "UIInterfaceOrientationPortrait UIInterfaceOrientationPortraitUpsideDown UIInterfaceOrientationLandscapeLeft UIInterfaceOrientationLandscapeRight";
				INFOPLIST_KEY_UISupportedInterfaceOrientations_iPhone = "UIInterfaceOrientationPortrait UIInterfaceOrientationLandscapeLeft UIInterfaceOrientationLandscapeRight";
				LD_RUNPATH_SEARCH_PATHS = (
					"$(inherited)",
					"@executable_path/Frameworks",
				);
				MARKETING_VERSION = 1.0;
				PRODUCT_BUNDLE_IDENTIFIER = "io.moonsense.MoonsenseSDK.SampleCoreApp-Static";
				PRODUCT_NAME = "$(TARGET_NAME)";
				SWIFT_EMIT_LOC_STRINGS = YES;
				SWIFT_VERSION = 5.0;
				TARGETED_DEVICE_FAMILY = "1,2";
			};
			name = Release;
		};
		24E0513C26CED02A00D243E0 /* Debug */ = {
			isa = XCBuildConfiguration;
			buildSettings = {
				ALWAYS_SEARCH_USER_PATHS = NO;
				CLANG_ANALYZER_NONNULL = YES;
				CLANG_ANALYZER_NUMBER_OBJECT_CONVERSION = YES_AGGRESSIVE;
				CLANG_CXX_LANGUAGE_STANDARD = "gnu++17";
				CLANG_CXX_LIBRARY = "libc++";
				CLANG_ENABLE_MODULES = YES;
				CLANG_ENABLE_OBJC_ARC = YES;
				CLANG_ENABLE_OBJC_WEAK = YES;
				CLANG_WARN_BLOCK_CAPTURE_AUTORELEASING = YES;
				CLANG_WARN_BOOL_CONVERSION = YES;
				CLANG_WARN_COMMA = YES;
				CLANG_WARN_CONSTANT_CONVERSION = YES;
				CLANG_WARN_DEPRECATED_OBJC_IMPLEMENTATIONS = YES;
				CLANG_WARN_DIRECT_OBJC_ISA_USAGE = YES_ERROR;
				CLANG_WARN_DOCUMENTATION_COMMENTS = YES;
				CLANG_WARN_EMPTY_BODY = YES;
				CLANG_WARN_ENUM_CONVERSION = YES;
				CLANG_WARN_INFINITE_RECURSION = YES;
				CLANG_WARN_INT_CONVERSION = YES;
				CLANG_WARN_NON_LITERAL_NULL_CONVERSION = YES;
				CLANG_WARN_OBJC_IMPLICIT_RETAIN_SELF = YES;
				CLANG_WARN_OBJC_LITERAL_CONVERSION = YES;
				CLANG_WARN_OBJC_ROOT_CLASS = YES_ERROR;
				CLANG_WARN_QUOTED_INCLUDE_IN_FRAMEWORK_HEADER = YES;
				CLANG_WARN_RANGE_LOOP_ANALYSIS = YES;
				CLANG_WARN_STRICT_PROTOTYPES = YES;
				CLANG_WARN_SUSPICIOUS_MOVE = YES;
				CLANG_WARN_UNGUARDED_AVAILABILITY = YES_AGGRESSIVE;
				CLANG_WARN_UNREACHABLE_CODE = YES;
				CLANG_WARN__DUPLICATE_METHOD_MATCH = YES;
				COPY_PHASE_STRIP = NO;
				DEBUG_INFORMATION_FORMAT = dwarf;
				ENABLE_STRICT_OBJC_MSGSEND = YES;
				ENABLE_TESTABILITY = YES;
				GCC_C_LANGUAGE_STANDARD = gnu11;
				GCC_DYNAMIC_NO_PIC = NO;
				GCC_NO_COMMON_BLOCKS = YES;
				GCC_OPTIMIZATION_LEVEL = 0;
				GCC_PREPROCESSOR_DEFINITIONS = (
					"DEBUG=1",
					"$(inherited)",
				);
				GCC_WARN_64_TO_32_BIT_CONVERSION = YES;
				GCC_WARN_ABOUT_RETURN_TYPE = YES_ERROR;
				GCC_WARN_UNDECLARED_SELECTOR = YES;
				GCC_WARN_UNINITIALIZED_AUTOS = YES_AGGRESSIVE;
				GCC_WARN_UNUSED_FUNCTION = YES;
				GCC_WARN_UNUSED_VARIABLE = YES;
				IPHONEOS_DEPLOYMENT_TARGET = 11.0;
				MTL_ENABLE_DEBUG_INFO = INCLUDE_SOURCE;
				MTL_FAST_MATH = YES;
				ONLY_ACTIVE_ARCH = YES;
				SDKROOT = iphoneos;
				SWIFT_ACTIVE_COMPILATION_CONDITIONS = DEBUG;
				SWIFT_OBJC_BRIDGING_HEADER = "SampleCoreApp/Acme/Server/WebServer-Bridging-Header.h";
				SWIFT_OPTIMIZATION_LEVEL = "-Onone";
			};
			name = Debug;
		};
		24E0513D26CED02A00D243E0 /* Release */ = {
			isa = XCBuildConfiguration;
			buildSettings = {
				ALWAYS_SEARCH_USER_PATHS = NO;
				CLANG_ANALYZER_NONNULL = YES;
				CLANG_ANALYZER_NUMBER_OBJECT_CONVERSION = YES_AGGRESSIVE;
				CLANG_CXX_LANGUAGE_STANDARD = "gnu++17";
				CLANG_CXX_LIBRARY = "libc++";
				CLANG_ENABLE_MODULES = YES;
				CLANG_ENABLE_OBJC_ARC = YES;
				CLANG_ENABLE_OBJC_WEAK = YES;
				CLANG_WARN_BLOCK_CAPTURE_AUTORELEASING = YES;
				CLANG_WARN_BOOL_CONVERSION = YES;
				CLANG_WARN_COMMA = YES;
				CLANG_WARN_CONSTANT_CONVERSION = YES;
				CLANG_WARN_DEPRECATED_OBJC_IMPLEMENTATIONS = YES;
				CLANG_WARN_DIRECT_OBJC_ISA_USAGE = YES_ERROR;
				CLANG_WARN_DOCUMENTATION_COMMENTS = YES;
				CLANG_WARN_EMPTY_BODY = YES;
				CLANG_WARN_ENUM_CONVERSION = YES;
				CLANG_WARN_INFINITE_RECURSION = YES;
				CLANG_WARN_INT_CONVERSION = YES;
				CLANG_WARN_NON_LITERAL_NULL_CONVERSION = YES;
				CLANG_WARN_OBJC_IMPLICIT_RETAIN_SELF = YES;
				CLANG_WARN_OBJC_LITERAL_CONVERSION = YES;
				CLANG_WARN_OBJC_ROOT_CLASS = YES_ERROR;
				CLANG_WARN_QUOTED_INCLUDE_IN_FRAMEWORK_HEADER = YES;
				CLANG_WARN_RANGE_LOOP_ANALYSIS = YES;
				CLANG_WARN_STRICT_PROTOTYPES = YES;
				CLANG_WARN_SUSPICIOUS_MOVE = YES;
				CLANG_WARN_UNGUARDED_AVAILABILITY = YES_AGGRESSIVE;
				CLANG_WARN_UNREACHABLE_CODE = YES;
				CLANG_WARN__DUPLICATE_METHOD_MATCH = YES;
				COPY_PHASE_STRIP = NO;
				DEBUG_INFORMATION_FORMAT = "dwarf-with-dsym";
				ENABLE_NS_ASSERTIONS = NO;
				ENABLE_STRICT_OBJC_MSGSEND = YES;
				GCC_C_LANGUAGE_STANDARD = gnu11;
				GCC_NO_COMMON_BLOCKS = YES;
				GCC_WARN_64_TO_32_BIT_CONVERSION = YES;
				GCC_WARN_ABOUT_RETURN_TYPE = YES_ERROR;
				GCC_WARN_UNDECLARED_SELECTOR = YES;
				GCC_WARN_UNINITIALIZED_AUTOS = YES_AGGRESSIVE;
				GCC_WARN_UNUSED_FUNCTION = YES;
				GCC_WARN_UNUSED_VARIABLE = YES;
				IPHONEOS_DEPLOYMENT_TARGET = 11.0;
				MTL_ENABLE_DEBUG_INFO = NO;
				MTL_FAST_MATH = YES;
				SDKROOT = iphoneos;
				SWIFT_COMPILATION_MODE = wholemodule;
				SWIFT_OBJC_BRIDGING_HEADER = "SampleCoreApp/Acme/Server/WebServer-Bridging-Header.h";
				SWIFT_OPTIMIZATION_LEVEL = "-O";
				VALIDATE_PRODUCT = YES;
			};
			name = Release;
		};
		24E0513F26CED02A00D243E0 /* Debug */ = {
			isa = XCBuildConfiguration;
			buildSettings = {
				ASSETCATALOG_COMPILER_APPICON_NAME = AppIcon;
				ASSETCATALOG_COMPILER_GLOBAL_ACCENT_COLOR_NAME = AccentColor;
				CODE_SIGN_STYLE = Automatic;
				CURRENT_PROJECT_VERSION = 1;
				DEVELOPMENT_TEAM = APX2AGX45B;
				GENERATE_INFOPLIST_FILE = YES;
				INFOPLIST_FILE = SampleCoreApp/Info.plist;
				INFOPLIST_KEY_UIApplicationSupportsIndirectInputEvents = YES;
				INFOPLIST_KEY_UILaunchStoryboardName = LaunchScreen;
				INFOPLIST_KEY_UIMainStoryboardFile = Main;
				INFOPLIST_KEY_UISupportedInterfaceOrientations_iPad = "UIInterfaceOrientationPortrait UIInterfaceOrientationPortraitUpsideDown UIInterfaceOrientationLandscapeLeft UIInterfaceOrientationLandscapeRight";
				INFOPLIST_KEY_UISupportedInterfaceOrientations_iPhone = "UIInterfaceOrientationPortrait UIInterfaceOrientationLandscapeLeft UIInterfaceOrientationLandscapeRight";
				LD_RUNPATH_SEARCH_PATHS = (
					"$(inherited)",
					"@executable_path/Frameworks",
				);
				MARKETING_VERSION = 1.0;
				PRODUCT_BUNDLE_IDENTIFIER = io.moonsense.MoonsenseSDK.SampleCoreApp;
				PRODUCT_NAME = "$(TARGET_NAME)";
				SWIFT_EMIT_LOC_STRINGS = YES;
				SWIFT_VERSION = 5.0;
				TARGETED_DEVICE_FAMILY = "1,2";
			};
			name = Debug;
		};
		24E0514026CED02A00D243E0 /* Release */ = {
			isa = XCBuildConfiguration;
			buildSettings = {
				ASSETCATALOG_COMPILER_APPICON_NAME = AppIcon;
				ASSETCATALOG_COMPILER_GLOBAL_ACCENT_COLOR_NAME = AccentColor;
				CODE_SIGN_STYLE = Automatic;
				CURRENT_PROJECT_VERSION = 1;
				DEVELOPMENT_TEAM = APX2AGX45B;
				GENERATE_INFOPLIST_FILE = YES;
				INFOPLIST_FILE = SampleCoreApp/Info.plist;
				INFOPLIST_KEY_UIApplicationSupportsIndirectInputEvents = YES;
				INFOPLIST_KEY_UILaunchStoryboardName = LaunchScreen;
				INFOPLIST_KEY_UIMainStoryboardFile = Main;
				INFOPLIST_KEY_UISupportedInterfaceOrientations_iPad = "UIInterfaceOrientationPortrait UIInterfaceOrientationPortraitUpsideDown UIInterfaceOrientationLandscapeLeft UIInterfaceOrientationLandscapeRight";
				INFOPLIST_KEY_UISupportedInterfaceOrientations_iPhone = "UIInterfaceOrientationPortrait UIInterfaceOrientationLandscapeLeft UIInterfaceOrientationLandscapeRight";
				LD_RUNPATH_SEARCH_PATHS = (
					"$(inherited)",
					"@executable_path/Frameworks",
				);
				MARKETING_VERSION = 1.0;
				PRODUCT_BUNDLE_IDENTIFIER = io.moonsense.MoonsenseSDK.SampleCoreApp;
				PRODUCT_NAME = "$(TARGET_NAME)";
				SWIFT_EMIT_LOC_STRINGS = YES;
				SWIFT_VERSION = 5.0;
				TARGETED_DEVICE_FAMILY = "1,2";
			};
			name = Release;
		};
/* End XCBuildConfiguration section */

/* Begin XCConfigurationList section */
		245DB37A26FA545B003A5B73 /* Build configuration list for PBXNativeTarget "SampleCoreApp-Static" */ = {
			isa = XCConfigurationList;
			buildConfigurations = (
				245DB37B26FA545B003A5B73 /* Debug */,
				245DB37C26FA545B003A5B73 /* Release */,
			);
			defaultConfigurationIsVisible = 0;
			defaultConfigurationName = Release;
		};
		24E0512526CED02800D243E0 /* Build configuration list for PBXProject "SampleCoreApp" */ = {
			isa = XCConfigurationList;
			buildConfigurations = (
				24E0513C26CED02A00D243E0 /* Debug */,
				24E0513D26CED02A00D243E0 /* Release */,
			);
			defaultConfigurationIsVisible = 0;
			defaultConfigurationName = Release;
		};
		24E0513E26CED02A00D243E0 /* Build configuration list for PBXNativeTarget "SampleCoreApp" */ = {
			isa = XCConfigurationList;
			buildConfigurations = (
				24E0513F26CED02A00D243E0 /* Debug */,
				24E0514026CED02A00D243E0 /* Release */,
			);
			defaultConfigurationIsVisible = 0;
			defaultConfigurationName = Release;
		};
/* End XCConfigurationList section */

/* Begin XCRemoteSwiftPackageReference section */
		241EF60A27DB9F1700CE8DFF /* XCRemoteSwiftPackageReference "GCDWebServer" */ = {
			isa = XCRemoteSwiftPackageReference;
			repositoryURL = "https://github.com/JacobHearst/GCDWebServer";
			requirement = {
				kind = upToNextMajorVersion;
				minimumVersion = 3.0.0;
			};
		};
/* End XCRemoteSwiftPackageReference section */

/* Begin XCSwiftPackageProductDependency section */
		241EF60B27DB9F1700CE8DFF /* GCDWebServers */ = {
			isa = XCSwiftPackageProductDependency;
			package = 241EF60A27DB9F1700CE8DFF /* XCRemoteSwiftPackageReference "GCDWebServer" */;
			productName = GCDWebServers;
		};
		241EF61627DBA35B00CE8DFF /* GCDWebServers */ = {
			isa = XCSwiftPackageProductDependency;
			package = 241EF60A27DB9F1700CE8DFF /* XCRemoteSwiftPackageReference "GCDWebServer" */;
			productName = GCDWebServers;
		};
/* End XCSwiftPackageProductDependency section */
	};
	rootObject = 24E0512226CED02800D243E0 /* Project object */;
}
